<?xml version="1.0" encoding="utf-8"?>
<Project ToolsVersion="4.0" xmlns="http://schemas.microsoft.com/developer/msbuild/2003">
  <ItemGroup>
    <ClCompile Include="Camera2D.cpp" />
    <ClCompile Include="Core.cpp" />
    <ClCompile Include="ImageDatabase.cpp" />
    <ClCompile Include="micropather.cpp" />
    <ClCompile Include="template.cpp" />
    <ClCompile Include="Transform.cpp" />
    <ClCompile Include="Entity.cpp">
      <Filter>Entities</Filter>
    </ClCompile>
    <ClCompile Include="CombatGrid.cpp" />
    <ClCompile Include="Archer.cpp">
      <Filter>Entities</Filter>
    </ClCompile>
    <ClCompile Include="Arrow.cpp">
      <Filter>Entities</Filter>
    </ClCompile>
    <ClCompile Include="EntityManager.cpp">
      <Filter>Entities</Filter>
    </ClCompile>
    <ClCompile Include="Effect.cpp">
      <Filter>Entities</Filter>
    </ClCompile>
    <ClCompile Include="Mage.cpp">
      <Filter>Entities</Filter>
    </ClCompile>
    <ClCompile Include="Spell.cpp">
      <Filter>Entities</Filter>
    </ClCompile>
    <ClCompile Include="Brawler.cpp">
      <Filter>Entities</Filter>
    </ClCompile>
    <ClCompile Include="Wagon.cpp">
      <Filter>Entities</Filter>
    </ClCompile>
    <ClCompile Include="Hireling.cpp">
      <Filter>Entities</Filter>
    </ClCompile>
  </ItemGroup>
  <ItemGroup>
    <ClInclude Include="Camera2D.h" />
    <ClInclude Include="ImageDatabase.h" />
    <ClInclude Include="micropather.h" />
    <ClInclude Include="template.h" />
    <ClInclude Include="Transform.h" />
    <ClInclude Include="CombatGrid.h" />
    <ClInclude Include="Archer.h">
      <Filter>Entities\Header</Filter>
    </ClInclude>
    <ClInclude Include="Arrow.h">
      <Filter>Entities\Header</Filter>
    </ClInclude>
    <ClInclude Include="Effect.h">
      <Filter>Entities\Header</Filter>
    </ClInclude>
    <ClInclude Include="Entity.h">
      <Filter>Entities\Header</Filter>
    </ClInclude>
    <ClInclude Include="EntityManager.h">
      <Filter>Entities\Header</Filter>
    </ClInclude>
    <ClInclude Include="Mage.h">
      <Filter>Entities\Header</Filter>
    </ClInclude>
    <ClInclude Include="Spell.h">
      <Filter>Entities\Header</Filter>
    </ClInclude>
    <ClInclude Include="Brawler.h">
      <Filter>Entities\Header</Filter>
    </ClInclude>
    <ClInclude Include="Wagon.h">
      <Filter>Entities\Header</Filter>
    </ClInclude>
    <ClInclude Include="Hireling.h">
      <Filter>Entities\Header</Filter>
    </ClInclude>
  </ItemGroup>
  <ItemGroup>
    <Filter Include="Entities">
      <UniqueIdentifier>{ddda73f1-1aaa-4e30-b1e8-e6fb7df12a61}</UniqueIdentifier>
    </Filter>
    <Filter Include="Entities\Header">
      <UniqueIdentifier>{b9d9401e-dfbd-4f36-852f-e33437c8d0cb}</UniqueIdentifier>
    </Filter>
  </ItemGroup>
</Project>